
Microsoft Visual Studio Solution File, Format Version 11.00
# Visual Studio 2010
Project("{E24C65DC-7377-472B-9ABA-BC803B73C61A}") = "Project", ".", "{170B436B-54F8-4A25-985D-8B4B8B09B371}"
	ProjectSection(WebsiteProperties) = preProject
		TargetFrameworkMoniker = ".NETFramework,Version%3Dv4.0"
		Debug.AspNetCompiler.VirtualPath = "/Project"
		Debug.AspNetCompiler.PhysicalPath = "F:\Online-Dictionary\Project\"
		Debug.AspNetCompiler.TargetPath = "PrecompiledWeb\Project\"
		Debug.AspNetCompiler.Updateable = "true"
		Debug.AspNetCompiler.ForceOverwrite = "true"
		Debug.AspNetCompiler.FixedNames = "false"
		Debug.AspNetCompiler.Debug = "True"
		Release.AspNetCompiler.VirtualPath = "/Project"
		Release.AspNetCompiler.PhysicalPath = "F:\Online-Dictionary\Project\"
		Release.AspNetCompiler.TargetPath = "PrecompiledWeb\Project\"
		Release.AspNetCompiler.Updateable = "true"
		Release.AspNetCompiler.ForceOverwrite = "true"
		Release.AspNetCompiler.FixedNames = "false"
		Release.AspNetCompiler.Debug = "False"
		VWDPort = "56747"
	EndProjectSection
EndProject
Global
	GlobalSection(SolutionConfigurationPlatforms) = preSolution
		Debug|Any CPU = Debug|Any CPU
	EndGlobalSection
	GlobalSection(ProjectConfigurationPlatforms) = postSolution
		{170B436B-54F8-4A25-985D-8B4B8B09B371}.Debug|Any CPU.ActiveCfg = Debug|Any CPU
		{170B436B-54F8-4A25-985D-8B4B8B09B371}.Debug|Any CPU.Build.0 = Debug|Any CPU
	EndGlobalSection
	GlobalSection(SolutionProperties) = preSolution
		HideSolutionNode = FALSE
	EndGlobalSection
EndGlobal
